
Microsoft Visual Studio Solution File, Format Version 12.00
# Visual Studio Version 16
VisualStudioVersion = 16.0.31729.503
MinimumVisualStudioVersion = 10.0.40219.1
Project("{8BC9CEB8-8B4A-11D0-8D11-00A0C91BC942}") = "211201_1", "211201_1\211201_1.vcxproj", "{4C845273-A264-4439-992C-ABFA262A45E4}"
EndProject
Global
	GlobalSection(SolutionConfigurationPlatforms) = preSolution
		Debug|x64 = Debug|x64
		Debug|x86 = Debug|x86
		Release|x64 = Release|x64
		Release|x86 = Release|x86
	EndGlobalSection
	GlobalSection(ProjectConfigurationPlatforms) = postSolution
		{4C845273-A264-4439-992C-ABFA262A45E4}.Debug|x64.ActiveCfg = Debug|x64
		{4C845273-A264-4439-992C-ABFA262A45E4}.Debug|x64.Build.0 = Debug|x64
		{4C845273-A264-4439-992C-ABFA262A45E4}.Debug|x86.ActiveCfg = Debug|Win32
		{4C845273-A264-4439-992C-ABFA262A45E4}.Debug|x86.Build.0 = Debug|Win32
		{4C845273-A264-4439-992C-ABFA262A45E4}.Release|x64.ActiveCfg = Release|x64
		{4C845273-A264-4439-992C-ABFA262A45E4}.Release|x64.Build.0 = Release|x64
		{4C845273-A264-4439-992C-ABFA262A45E4}.Release|x86.ActiveCfg = Release|Win32
		{4C845273-A264-4439-992C-ABFA262A45E4}.Release|x86.Build.0 = Release|Win32
	EndGlobalSection
	GlobalSection(SolutionProperties) = preSolution
		HideSolutionNode = FALSE
	EndGlobalSection
	GlobalSection(ExtensibilityGlobals) = postSolution
		SolutionGuid = {4DC598B3-5A83-453D-B6F4-F0D17B00D4A2}
	EndGlobalSection
EndGlobal
